
Microsoft Visual Studio Solution File, Format Version 12.00
# Visual Studio Version 17
VisualStudioVersion = 17.4.33213.308
MinimumVisualStudioVersion = 10.0.40219.1
Project("{9A19103F-16F7-4668-BE54-9A1E7A4F7556}") = "CalculoAreasCliente", "CalculoAreasCliente\CalculoAreasCliente.csproj", "{868C9DCB-C471-4BA8-AE22-7AE9A833C927}"
EndProject
Project("{9A19103F-16F7-4668-BE54-9A1E7A4F7556}") = "CalculoAreasServidor", "CalculoAreasServidor\CalculoAreasServidor.csproj", "{89C87C0D-DAB8-4B08-B78F-345E41BD75FF}"
EndProject
Project("{9A19103F-16F7-4668-BE54-9A1E7A4F7556}") = "CalculoAreasClienteForm", "CalculoAreasClienteForm\CalculoAreasClienteForm.csproj", "{BDDA3FC4-4411-4C8B-A508-A34EFF70EAC8}"
EndProject
Global
	GlobalSection(SolutionConfigurationPlatforms) = preSolution
		Debug|Any CPU = Debug|Any CPU
		Release|Any CPU = Release|Any CPU
	EndGlobalSection
	GlobalSection(ProjectConfigurationPlatforms) = postSolution
		{868C9DCB-C471-4BA8-AE22-7AE9A833C927}.Debug|Any CPU.ActiveCfg = Debug|Any CPU
		{868C9DCB-C471-4BA8-AE22-7AE9A833C927}.Debug|Any CPU.Build.0 = Debug|Any CPU
		{868C9DCB-C471-4BA8-AE22-7AE9A833C927}.Release|Any CPU.ActiveCfg = Release|Any CPU
		{868C9DCB-C471-4BA8-AE22-7AE9A833C927}.Release|Any CPU.Build.0 = Release|Any CPU
		{89C87C0D-DAB8-4B08-B78F-345E41BD75FF}.Debug|Any CPU.ActiveCfg = Debug|Any CPU
		{89C87C0D-DAB8-4B08-B78F-345E41BD75FF}.Debug|Any CPU.Build.0 = Debug|Any CPU
		{89C87C0D-DAB8-4B08-B78F-345E41BD75FF}.Release|Any CPU.ActiveCfg = Release|Any CPU
		{89C87C0D-DAB8-4B08-B78F-345E41BD75FF}.Release|Any CPU.Build.0 = Release|Any CPU
		{BDDA3FC4-4411-4C8B-A508-A34EFF70EAC8}.Debug|Any CPU.ActiveCfg = Debug|Any CPU
		{BDDA3FC4-4411-4C8B-A508-A34EFF70EAC8}.Debug|Any CPU.Build.0 = Debug|Any CPU
		{BDDA3FC4-4411-4C8B-A508-A34EFF70EAC8}.Release|Any CPU.ActiveCfg = Release|Any CPU
		{BDDA3FC4-4411-4C8B-A508-A34EFF70EAC8}.Release|Any CPU.Build.0 = Release|Any CPU
	EndGlobalSection
	GlobalSection(SolutionProperties) = preSolution
		HideSolutionNode = FALSE
	EndGlobalSection
	GlobalSection(ExtensibilityGlobals) = postSolution
		SolutionGuid = {67F2CF70-D760-4109-844F-E5A62512E30B}
	EndGlobalSection
EndGlobal
